
Microsoft Visual Studio Solution File, Format Version 12.00
# Visual Studio Version 17
VisualStudioVersion = 17.13.35913.81 d17.13
MinimumVisualStudioVersion = 10.0.40219.1
Project("{FAE04EC0-301F-11D3-BF4B-00C04F79EFBC}") = "BlazorWebAppMovies", "BlazorWebAppMovies.csproj", "{262AEF56-EE50-49CD-828F-BDBDD48625BC}"
EndProject
Global
	GlobalSection(SolutionConfigurationPlatforms) = preSolution
		Debug|Any CPU = Debug|Any CPU
		Release|Any CPU = Release|Any CPU
	EndGlobalSection
	GlobalSection(ProjectConfigurationPlatforms) = postSolution
		{262AEF56-EE50-49CD-828F-BDBDD48625BC}.Debug|Any CPU.ActiveCfg = Debug|Any CPU
		{262AEF56-EE50-49CD-828F-BDBDD48625BC}.Debug|Any CPU.Build.0 = Debug|Any CPU
		{262AEF56-EE50-49CD-828F-BDBDD48625BC}.Release|Any CPU.ActiveCfg = Release|Any CPU
		{262AEF56-EE50-49CD-828F-BDBDD48625BC}.Release|Any CPU.Build.0 = Release|Any CPU
	EndGlobalSection
	GlobalSection(SolutionProperties) = preSolution
		HideSolutionNode = FALSE
	EndGlobalSection
	GlobalSection(ExtensibilityGlobals) = postSolution
		SolutionGuid = {55F884CA-FE0A-4288-B69C-778D867A6889}
	EndGlobalSection
EndGlobal
